
Microsoft Visual Studio Solution File, Format Version 12.00
# Visual Studio Version 17
VisualStudioVersion = 17.8.34316.72
MinimumVisualStudioVersion = 10.0.40219.1
Project("{2150E333-8FDC-42A3-9474-1A3956D46DE8}") = "Services", "Services", "{312A3242-9C45-41DC-B04B-703888595865}"
EndProject
Project("{2150E333-8FDC-42A3-9474-1A3956D46DE8}") = "Catalog", "Catalog", "{EDB8DF35-8D17-4A23-A763-8D110C4EA558}"
EndProject
Project("{9A19103F-16F7-4668-BE54-9A1E7A4F7556}") = "MultiShop.Catalog", "Services\Catalog\MultiShop.Catalog\MultiShop.Catalog.csproj", "{0C9928DC-CE79-4C1C-8E2C-F59F9DEEF4F5}"
EndProject
Project("{2150E333-8FDC-42A3-9474-1A3956D46DE8}") = "Discount", "Discount", "{04FA656B-D15F-4B38-988F-DFA80D4CCD0B}"
EndProject
Project("{9A19103F-16F7-4668-BE54-9A1E7A4F7556}") = "MultiShop.Discount", "Services\Discount\MultiShop.Discount\MultiShop.Discount.csproj", "{68AE3C1A-4423-4C10-AB65-B0CC6F7F596C}"
EndProject
Project("{2150E333-8FDC-42A3-9474-1A3956D46DE8}") = "Order", "Order", "{8B7984E2-B6D9-4072-A668-AE5EDEC2D0E3}"
EndProject
Project("{2150E333-8FDC-42A3-9474-1A3956D46DE8}") = "Core", "Core", "{07D0E5E1-D123-4BA1-BE16-2B2B9C72A549}"
EndProject
Project("{2150E333-8FDC-42A3-9474-1A3956D46DE8}") = "Infrastructure", "Infrastructure", "{43F1A547-E6BB-4652-8FDA-07B8F0ECA5E4}"
EndProject
Project("{2150E333-8FDC-42A3-9474-1A3956D46DE8}") = "Presentation", "Presentation", "{E5A0FC2C-E377-40CA-8CF1-41606D9BE10E}"
EndProject
Project("{FAE04EC0-301F-11D3-BF4B-00C04F79EFBC}") = "MultiShop.Order.Domain", "Services\Order\Core\MultiShop.Order.Domain\MultiShop.Order.Domain.csproj", "{626A737C-8E07-456B-A0DB-4108F38397C5}"
EndProject
Project("{FAE04EC0-301F-11D3-BF4B-00C04F79EFBC}") = "MultiShop.Order.Application", "Services\Order\Core\MultiShop.Order.Application\MultiShop.Order.Application.csproj", "{0222FA92-E41B-4FC6-A3AB-8204C50A7936}"
EndProject
Project("{FAE04EC0-301F-11D3-BF4B-00C04F79EFBC}") = "MultiShop.Order.Persistence", "Services\Order\Infrastructure\MultiShop.Order.Persistence\MultiShop.Order.Persistence.csproj", "{16834416-3675-49A2-B3B7-84A48C9F7DE6}"
EndProject
Project("{FAE04EC0-301F-11D3-BF4B-00C04F79EFBC}") = "MultiShop.Order.WebApi", "Services\Order\Presentation\MultiShop.Order.WebApi\MultiShop.Order.WebApi.csproj", "{CC3D614E-2D42-4F9B-A7D9-4AACCA2B7EB5}"
EndProject
Global
	GlobalSection(SolutionConfigurationPlatforms) = preSolution
		Debug|Any CPU = Debug|Any CPU
		Release|Any CPU = Release|Any CPU
	EndGlobalSection
	GlobalSection(ProjectConfigurationPlatforms) = postSolution
		{0C9928DC-CE79-4C1C-8E2C-F59F9DEEF4F5}.Debug|Any CPU.ActiveCfg = Debug|Any CPU
		{0C9928DC-CE79-4C1C-8E2C-F59F9DEEF4F5}.Debug|Any CPU.Build.0 = Debug|Any CPU
		{0C9928DC-CE79-4C1C-8E2C-F59F9DEEF4F5}.Release|Any CPU.ActiveCfg = Release|Any CPU
		{0C9928DC-CE79-4C1C-8E2C-F59F9DEEF4F5}.Release|Any CPU.Build.0 = Release|Any CPU
		{68AE3C1A-4423-4C10-AB65-B0CC6F7F596C}.Debug|Any CPU.ActiveCfg = Debug|Any CPU
		{68AE3C1A-4423-4C10-AB65-B0CC6F7F596C}.Debug|Any CPU.Build.0 = Debug|Any CPU
		{68AE3C1A-4423-4C10-AB65-B0CC6F7F596C}.Release|Any CPU.ActiveCfg = Release|Any CPU
		{68AE3C1A-4423-4C10-AB65-B0CC6F7F596C}.Release|Any CPU.Build.0 = Release|Any CPU
		{626A737C-8E07-456B-A0DB-4108F38397C5}.Debug|Any CPU.ActiveCfg = Debug|Any CPU
		{626A737C-8E07-456B-A0DB-4108F38397C5}.Debug|Any CPU.Build.0 = Debug|Any CPU
		{626A737C-8E07-456B-A0DB-4108F38397C5}.Release|Any CPU.ActiveCfg = Release|Any CPU
		{626A737C-8E07-456B-A0DB-4108F38397C5}.Release|Any CPU.Build.0 = Release|Any CPU
		{0222FA92-E41B-4FC6-A3AB-8204C50A7936}.Debug|Any CPU.ActiveCfg = Debug|Any CPU
		{0222FA92-E41B-4FC6-A3AB-8204C50A7936}.Debug|Any CPU.Build.0 = Debug|Any CPU
		{0222FA92-E41B-4FC6-A3AB-8204C50A7936}.Release|Any CPU.ActiveCfg = Release|Any CPU
		{0222FA92-E41B-4FC6-A3AB-8204C50A7936}.Release|Any CPU.Build.0 = Release|Any CPU
		{16834416-3675-49A2-B3B7-84A48C9F7DE6}.Debug|Any CPU.ActiveCfg = Debug|Any CPU
		{16834416-3675-49A2-B3B7-84A48C9F7DE6}.Debug|Any CPU.Build.0 = Debug|Any CPU
		{16834416-3675-49A2-B3B7-84A48C9F7DE6}.Release|Any CPU.ActiveCfg = Release|Any CPU
		{16834416-3675-49A2-B3B7-84A48C9F7DE6}.Release|Any CPU.Build.0 = Release|Any CPU
		{CC3D614E-2D42-4F9B-A7D9-4AACCA2B7EB5}.Debug|Any CPU.ActiveCfg = Debug|Any CPU
		{CC3D614E-2D42-4F9B-A7D9-4AACCA2B7EB5}.Debug|Any CPU.Build.0 = Debug|Any CPU
		{CC3D614E-2D42-4F9B-A7D9-4AACCA2B7EB5}.Release|Any CPU.ActiveCfg = Release|Any CPU
		{CC3D614E-2D42-4F9B-A7D9-4AACCA2B7EB5}.Release|Any CPU.Build.0 = Release|Any CPU
	EndGlobalSection
	GlobalSection(SolutionProperties) = preSolution
		HideSolutionNode = FALSE
	EndGlobalSection
	GlobalSection(NestedProjects) = preSolution
		{EDB8DF35-8D17-4A23-A763-8D110C4EA558} = {312A3242-9C45-41DC-B04B-703888595865}
		{0C9928DC-CE79-4C1C-8E2C-F59F9DEEF4F5} = {EDB8DF35-8D17-4A23-A763-8D110C4EA558}
		{04FA656B-D15F-4B38-988F-DFA80D4CCD0B} = {312A3242-9C45-41DC-B04B-703888595865}
		{68AE3C1A-4423-4C10-AB65-B0CC6F7F596C} = {04FA656B-D15F-4B38-988F-DFA80D4CCD0B}
		{8B7984E2-B6D9-4072-A668-AE5EDEC2D0E3} = {312A3242-9C45-41DC-B04B-703888595865}
		{07D0E5E1-D123-4BA1-BE16-2B2B9C72A549} = {8B7984E2-B6D9-4072-A668-AE5EDEC2D0E3}
		{43F1A547-E6BB-4652-8FDA-07B8F0ECA5E4} = {8B7984E2-B6D9-4072-A668-AE5EDEC2D0E3}
		{E5A0FC2C-E377-40CA-8CF1-41606D9BE10E} = {8B7984E2-B6D9-4072-A668-AE5EDEC2D0E3}
		{626A737C-8E07-456B-A0DB-4108F38397C5} = {07D0E5E1-D123-4BA1-BE16-2B2B9C72A549}
		{0222FA92-E41B-4FC6-A3AB-8204C50A7936} = {07D0E5E1-D123-4BA1-BE16-2B2B9C72A549}
		{16834416-3675-49A2-B3B7-84A48C9F7DE6} = {43F1A547-E6BB-4652-8FDA-07B8F0ECA5E4}
		{CC3D614E-2D42-4F9B-A7D9-4AACCA2B7EB5} = {E5A0FC2C-E377-40CA-8CF1-41606D9BE10E}
	EndGlobalSection
	GlobalSection(ExtensibilityGlobals) = postSolution
		SolutionGuid = {E0D13009-6F5D-4AE4-A730-4D2A33CDE9C9}
	EndGlobalSection
EndGlobal
